Microsoft Visual Studio Solution File, Format Version 12.00
# Visual Studio Version 17
VisualStudioVersion = 17.5.2.0
MinimumVisualStudioVersion = 10.0.40219.1
Project("{FAE04EC0-301F-11D3-BF4B-00C04F79EFBC}") = "Onfoot Inventory", "Onfoot Inventory.csproj", "{696391F8-3EF5-B5E7-469E-F6B18D8A640E}"
EndProject
Global
	GlobalSection(SolutionConfigurationPlatforms) = preSolution
		Debug|Any CPU = Debug|Any CPU
		Release|Any CPU = Release|Any CPU
	EndGlobalSection
	GlobalSection(ProjectConfigurationPlatforms) = postSolution
		{696391F8-3EF5-B5E7-469E-F6B18D8A640E}.Debug|Any CPU.ActiveCfg = Debug|Any CPU
		{696391F8-3EF5-B5E7-469E-F6B18D8A640E}.Debug|Any CPU.Build.0 = Debug|Any CPU
		{696391F8-3EF5-B5E7-469E-F6B18D8A640E}.Release|Any CPU.ActiveCfg = Release|Any CPU
		{696391F8-3EF5-B5E7-469E-F6B18D8A640E}.Release|Any CPU.Build.0 = Release|Any CPU
	EndGlobalSection
	GlobalSection(SolutionProperties) = preSolution
		HideSolutionNode = FALSE
	EndGlobalSection
	GlobalSection(ExtensibilityGlobals) = postSolution
		SolutionGuid = {94C59B8D-1E1C-4208-8C07-3B7737EFACE4}
	EndGlobalSection
EndGlobal
